<?xml version="1.0" encoding="utf-8"?>
<Project ToolsVersion="4.0" xmlns="http://schemas.microsoft.com/developer/msbuild/2003">
  <ItemGroup>
    <Filter Include="Quelldateien">
      <UniqueIdentifier>{4FC737F1-C7A5-4376-A066-2A32D752A2FF}</UniqueIdentifier>
      <Extensions>cpp;c;cc;cxx;def;odl;idl;hpj;bat;asm;asmx</Extensions>
    </Filter>
    <Filter Include="Headerdateien">
      <UniqueIdentifier>{93995380-89BD-4b04-88EB-625FBE52EBFB}</UniqueIdentifier>
      <Extensions>h;hh;hpp;hxx;hm;inl;inc;xsd</Extensions>
    </Filter>
    <Filter Include="Headerdateien\Algorithm">
      <UniqueIdentifier>{3975e4cc-f71a-499b-a3c7-6ecf46b126b8}</UniqueIdentifier>
    </Filter>
    <Filter Include="Headerdateien\Graphics">
      <UniqueIdentifier>{2e7f761f-57ea-46f8-8e7e-6e374a2bfccf}</UniqueIdentifier>
    </Filter>
    <Filter Include="Headerdateien\IO">
      <UniqueIdentifier>{68b99f53-ec3e-41b8-bc3c-f6b00b69296b}</UniqueIdentifier>
    </Filter>
    <Filter Include="Quelldateien\Algorithm">
      <UniqueIdentifier>{9c37172a-5fc2-47c3-9bc1-41392c1ece1d}</UniqueIdentifier>
    </Filter>
    <Filter Include="Quelldateien\Graphics">
      <UniqueIdentifier>{7d0095b8-344e-4175-8825-2673eef7ad9c}</UniqueIdentifier>
    </Filter>
    <Filter Include="Quelldateien\IO">
      <UniqueIdentifier>{b53a6188-2b2e-449e-bde7-3b8f19a7c178}</UniqueIdentifier>
    </Filter>
  </ItemGroup>
  <ItemGroup>
    <ClCompile Include="main.cpp">
      <Filter>Quelldateien</Filter>
    </ClCompile>
    <ClCompile Include="basics.cpp">
      <Filter>Quelldateien</Filter>
    </ClCompile>
    <ClCompile Include="Point.cpp">
      <Filter>Quelldateien\Algorithm</Filter>
    </ClCompile>
    <ClCompile Include="ConvexHull.cpp">
      <Filter>Quelldateien\Algorithm</Filter>
    </ClCompile>
    <ClCompile Include="PointSet.cpp">
      <Filter>Quelldateien\Algorithm</Filter>
    </ClCompile>
    <ClCompile Include="utils.cpp">
      <Filter>Quelldateien</Filter>
    </ClCompile>
    <ClCompile Include="Button.cpp">
      <Filter>Quelldateien\Graphics</Filter>
    </ClCompile>
    <ClCompile Include="HullFinder.cpp">
      <Filter>Quelldateien\Algorithm</Filter>
    </ClCompile>
    <ClCompile Include="LineShape.cpp">
      <Filter>Quelldateien\Graphics</Filter>
    </ClCompile>
    <ClCompile Include="ResourceManager.cpp">
      <Filter>Quelldateien\Graphics</Filter>
    </ClCompile>
    <ClCompile Include="Hull.cpp">
      <Filter>Quelldateien\Graphics</Filter>
    </ClCompile>
    <ClCompile Include="Dots.cpp">
      <Filter>Quelldateien\Graphics</Filter>
    </ClCompile>
  </ItemGroup>
  <ItemGroup>
    <ClInclude Include="basics.h">
      <Filter>Headerdateien</Filter>
    </ClInclude>
    <ClInclude Include="Point.h">
      <Filter>Headerdateien\Algorithm</Filter>
    </ClInclude>
    <ClInclude Include="ConvexHull.h">
      <Filter>Headerdateien\Algorithm</Filter>
    </ClInclude>
    <ClInclude Include="PointSet.h">
      <Filter>Headerdateien\Algorithm</Filter>
    </ClInclude>
    <ClInclude Include="utils.h">
      <Filter>Headerdateien</Filter>
    </ClInclude>
    <ClInclude Include="Config.h">
      <Filter>Headerdateien</Filter>
    </ClInclude>
    <ClInclude Include="Input.h">
      <Filter>Headerdateien\IO</Filter>
    </ClInclude>
    <ClInclude Include="resource.h">
      <Filter>Headerdateien</Filter>
    </ClInclude>
    <ClInclude Include="LineShape.h">
      <Filter>Headerdateien\Graphics</Filter>
    </ClInclude>
    <ClInclude Include="Button.h">
      <Filter>Headerdateien\Graphics</Filter>
    </ClInclude>
    <ClInclude Include="HullFinder.h">
      <Filter>Headerdateien\Algorithm</Filter>
    </ClInclude>
    <ClInclude Include="ResourceManager.h">
      <Filter>Headerdateien\Graphics</Filter>
    </ClInclude>
    <ClInclude Include="Hull.h">
      <Filter>Headerdateien\Graphics</Filter>
    </ClInclude>
    <ClInclude Include="Dots.h">
      <Filter>Headerdateien\Graphics</Filter>
    </ClInclude>
  </ItemGroup>
</Project>